// !$*UTF8*$!
{
	archiveVersion = 1;
	classes = {
	};
	objectVersion = 56;
	objects = {

/* Begin PBXBuildFile section */
		B73E53BC2B839FC100173F87 /* AppDelegate.swift in Sources */ = {isa = PBXBuildFile; fileRef = B73E53BB2B839FC100173F87 /* AppDelegate.swift */; };
		B73E53BE2B839FC100173F87 /* SceneDelegate.swift in Sources */ = {isa = PBXBuildFile; fileRef = B73E53BD2B839FC100173F87 /* SceneDelegate.swift */; };
		B73E53C02B839FC100173F87 /* ViewController.swift in Sources */ = {isa = PBXBuildFile; fileRef = B73E53BF2B839FC100173F87 /* ViewController.swift */; };
		B73E53C32B839FC100173F87 /* Main.storyboard in Resources */ = {isa = PBXBuildFile; fileRef = B73E53C12B839FC100173F87 /* Main.storyboard */; };
		B73E53C52B839FC300173F87 /* Assets.xcassets in Resources */ = {isa = PBXBuildFile; fileRef = B73E53C42B839FC300173F87 /* Assets.xcassets */; };
		B73E53C82B839FC300173F87 /* LaunchScreen.storyboard in Resources */ = {isa = PBXBuildFile; fileRef = B73E53C62B839FC300173F87 /* LaunchScreen.storyboard */; };
		B73E53D22B83A26000173F87 /* EssentialFeed.framework in Frameworks */ = {isa = PBXBuildFile; fileRef = B73E53D02B83A26000173F87 /* EssentialFeed.framework */; };
		B73E53D32B83A26000173F87 /* EssentialFeed.framework in Embed Frameworks */ = {isa = PBXBuildFile; fileRef = B73E53D02B83A26000173F87 /* EssentialFeed.framework */; settings = {ATTRIBUTES = (CodeSignOnCopy, RemoveHeadersOnCopy, ); }; };
		B73E53D42B83A26000173F87 /* EssentialFeediOS.framework in Frameworks */ = {isa = PBXBuildFile; fileRef = B73E53D12B83A26000173F87 /* EssentialFeediOS.framework */; };
		B73E53D52B83A26000173F87 /* EssentialFeediOS.framework in Embed Frameworks */ = {isa = PBXBuildFile; fileRef = B73E53D12B83A26000173F87 /* EssentialFeediOS.framework */; settings = {ATTRIBUTES = (CodeSignOnCopy, RemoveHeadersOnCopy, ); }; };
		B781B3E62B84A6DC0029ECBE /* FeedLoaderWithFallbackCompositeTests.swift in Sources */ = {isa = PBXBuildFile; fileRef = B781B3E52B84A6DC0029ECBE /* FeedLoaderWithFallbackCompositeTests.swift */; };
		B781B3ED2B84AD740029ECBE /* FeedLoaderWithFallbackComposite.swift in Sources */ = {isa = PBXBuildFile; fileRef = B781B3EC2B84AD740029ECBE /* FeedLoaderWithFallbackComposite.swift */; };
		B781B3EF2B84AEC20029ECBE /* FeedImageDataLoaderWithFallbackCompositeTests.swift in Sources */ = {isa = PBXBuildFile; fileRef = B781B3EE2B84AEC20029ECBE /* FeedImageDataLoaderWithFallbackCompositeTests.swift */; };
		B781B3F12B84CD940029ECBE /* FeedImageDataLoaderWithFallbackComposite.swift in Sources */ = {isa = PBXBuildFile; fileRef = B781B3F02B84CD940029ECBE /* FeedImageDataLoaderWithFallbackComposite.swift */; };
		B781B3F42B84CE590029ECBE /* XCTestCase+MemoryLeakTracking.swift in Sources */ = {isa = PBXBuildFile; fileRef = B781B3F32B84CE590029ECBE /* XCTestCase+MemoryLeakTracking.swift */; };
		B781B3F62B84CEC70029ECBE /* SharedTestHelpers.swift in Sources */ = {isa = PBXBuildFile; fileRef = B781B3F52B84CEC70029ECBE /* SharedTestHelpers.swift */; };
/* End PBXBuildFile section */

/* Begin PBXContainerItemProxy section */
		B781B3E72B84A6DC0029ECBE /* PBXContainerItemProxy */ = {
			isa = PBXContainerItemProxy;
			containerPortal = B73E53B02B839FC100173F87 /* Project object */;
			proxyType = 1;
			remoteGlobalIDString = B73E53B72B839FC100173F87;
			remoteInfo = EssentialApp;
		};
/* End PBXContainerItemProxy section */

/* Begin PBXCopyFilesBuildPhase section */
		B73E53D62B83A26000173F87 /* Embed Frameworks */ = {
			isa = PBXCopyFilesBuildPhase;
			buildActionMask = 2147483647;
			dstPath = "";
			dstSubfolderSpec = 10;
			files = (
				B73E53D32B83A26000173F87 /* EssentialFeed.framework in Embed Frameworks */,
				B73E53D52B83A26000173F87 /* EssentialFeediOS.framework in Embed Frameworks */,
			);
			name = "Embed Frameworks";
			runOnlyForDeploymentPostprocessing = 0;
		};
/* End PBXCopyFilesBuildPhase section */

/* Begin PBXFileReference section */
		B73E53B82B839FC100173F87 /* EssentialApp.app */ = {isa = PBXFileReference; explicitFileType = wrapper.application; includeInIndex = 0; path = EssentialApp.app; sourceTree = BUILT_PRODUCTS_DIR; };
		B73E53BB2B839FC100173F87 /* AppDelegate.swift */ = {isa = PBXFileReference; lastKnownFileType = sourcecode.swift; path = AppDelegate.swift; sourceTree = "<group>"; };
		B73E53BD2B839FC100173F87 /* SceneDelegate.swift */ = {isa = PBXFileReference; lastKnownFileType = sourcecode.swift; path = SceneDelegate.swift; sourceTree = "<group>"; };
		B73E53BF2B839FC100173F87 /* ViewController.swift */ = {isa = PBXFileReference; lastKnownFileType = sourcecode.swift; path = ViewController.swift; sourceTree = "<group>"; };
		B73E53C22B839FC100173F87 /* Base */ = {isa = PBXFileReference; lastKnownFileType = file.storyboard; name = Base; path = Base.lproj/Main.storyboard; sourceTree = "<group>"; };
		B73E53C42B839FC300173F87 /* Assets.xcassets */ = {isa = PBXFileReference; lastKnownFileType = folder.assetcatalog; path = Assets.xcassets; sourceTree = "<group>"; };
		B73E53C72B839FC300173F87 /* Base */ = {isa = PBXFileReference; lastKnownFileType = file.storyboard; name = Base; path = Base.lproj/LaunchScreen.storyboard; sourceTree = "<group>"; };
		B73E53C92B839FC300173F87 /* Info.plist */ = {isa = PBXFileReference; lastKnownFileType = text.plist.xml; path = Info.plist; sourceTree = "<group>"; };
		B73E53D02B83A26000173F87 /* EssentialFeed.framework */ = {isa = PBXFileReference; explicitFileType = wrapper.framework; path = EssentialFeed.framework; sourceTree = BUILT_PRODUCTS_DIR; };
		B73E53D12B83A26000173F87 /* EssentialFeediOS.framework */ = {isa = PBXFileReference; explicitFileType = wrapper.framework; path = EssentialFeediOS.framework; sourceTree = BUILT_PRODUCTS_DIR; };
		B781B3E32B84A6DC0029ECBE /* EssentialAppTests.xctest */ = {isa = PBXFileReference; explicitFileType = wrapper.cfbundle; includeInIndex = 0; path = EssentialAppTests.xctest; sourceTree = BUILT_PRODUCTS_DIR; };
		B781B3E52B84A6DC0029ECBE /* FeedLoaderWithFallbackCompositeTests.swift */ = {isa = PBXFileReference; lastKnownFileType = sourcecode.swift; path = FeedLoaderWithFallbackCompositeTests.swift; sourceTree = "<group>"; };
		B781B3EC2B84AD740029ECBE /* FeedLoaderWithFallbackComposite.swift */ = {isa = PBXFileReference; lastKnownFileType = sourcecode.swift; path = FeedLoaderWithFallbackComposite.swift; sourceTree = "<group>"; };
		B781B3EE2B84AEC20029ECBE /* FeedImageDataLoaderWithFallbackCompositeTests.swift */ = {isa = PBXFileReference; lastKnownFileType = sourcecode.swift; path = FeedImageDataLoaderWithFallbackCompositeTests.swift; sourceTree = "<group>"; };
		B781B3F02B84CD940029ECBE /* FeedImageDataLoaderWithFallbackComposite.swift */ = {isa = PBXFileReference; lastKnownFileType = sourcecode.swift; path = FeedImageDataLoaderWithFallbackComposite.swift; sourceTree = "<group>"; };
		B781B3F32B84CE590029ECBE /* XCTestCase+MemoryLeakTracking.swift */ = {isa = PBXFileReference; lastKnownFileType = sourcecode.swift; path = "XCTestCase+MemoryLeakTracking.swift"; sourceTree = "<group>"; };
		B781B3F52B84CEC70029ECBE /* SharedTestHelpers.swift */ = {isa = PBXFileReference; lastKnownFileType = sourcecode.swift; path = SharedTestHelpers.swift; sourceTree = "<group>"; };
/* End PBXFileReference section */

/* Begin PBXFrameworksBuildPhase section */
		B73E53B52B839FC100173F87 /* Frameworks */ = {
			isa = PBXFrameworksBuildPhase;
			buildActionMask = 2147483647;
			files = (
				B73E53D22B83A26000173F87 /* EssentialFeed.framework in Frameworks */,
				B73E53D42B83A26000173F87 /* EssentialFeediOS.framework in Frameworks */,
			);
			runOnlyForDeploymentPostprocessing = 0;
		};
		B781B3E02B84A6DC0029ECBE /* Frameworks */ = {
			isa = PBXFrameworksBuildPhase;
			buildActionMask = 2147483647;
			files = (
			);
			runOnlyForDeploymentPostprocessing = 0;
		};
/* End PBXFrameworksBuildPhase section */

/* Begin PBXGroup section */
		B73E53AF2B839FC100173F87 = {
			isa = PBXGroup;
			children = (
				B73E53BA2B839FC100173F87 /* EssentialApp */,
				B781B3E42B84A6DC0029ECBE /* EssentialAppTests */,
				B73E53B92B839FC100173F87 /* Products */,
				B73E53CF2B83A26000173F87 /* Frameworks */,
			);
			sourceTree = "<group>";
		};
		B73E53B92B839FC100173F87 /* Products */ = {
			isa = PBXGroup;
			children = (
				B73E53B82B839FC100173F87 /* EssentialApp.app */,
				B781B3E32B84A6DC0029ECBE /* EssentialAppTests.xctest */,
			);
			name = Products;
			sourceTree = "<group>";
		};
		B73E53BA2B839FC100173F87 /* EssentialApp */ = {
			isa = PBXGroup;
			children = (
				B73E53BB2B839FC100173F87 /* AppDelegate.swift */,
				B73E53BD2B839FC100173F87 /* SceneDelegate.swift */,
				B73E53BF2B839FC100173F87 /* ViewController.swift */,
				B781B3EC2B84AD740029ECBE /* FeedLoaderWithFallbackComposite.swift */,
				B781B3F02B84CD940029ECBE /* FeedImageDataLoaderWithFallbackComposite.swift */,
				B73E53C12B839FC100173F87 /* Main.storyboard */,
				B73E53C42B839FC300173F87 /* Assets.xcassets */,
				B73E53C62B839FC300173F87 /* LaunchScreen.storyboard */,
				B73E53C92B839FC300173F87 /* Info.plist */,
			);
			path = EssentialApp;
			sourceTree = "<group>";
		};
		B73E53CF2B83A26000173F87 /* Frameworks */ = {
			isa = PBXGroup;
			children = (
				B73E53D02B83A26000173F87 /* EssentialFeed.framework */,
				B73E53D12B83A26000173F87 /* EssentialFeediOS.framework */,
			);
			name = Frameworks;
			sourceTree = "<group>";
		};
		B781B3E42B84A6DC0029ECBE /* EssentialAppTests */ = {
			isa = PBXGroup;
			children = (
				B781B3F22B84CE4E0029ECBE /* Helpers */,
				B781B3E52B84A6DC0029ECBE /* FeedLoaderWithFallbackCompositeTests.swift */,
				B781B3EE2B84AEC20029ECBE /* FeedImageDataLoaderWithFallbackCompositeTests.swift */,
			);
			path = EssentialAppTests;
			sourceTree = "<group>";
		};
		B781B3F22B84CE4E0029ECBE /* Helpers */ = {
			isa = PBXGroup;
			children = (
				B781B3F32B84CE590029ECBE /* XCTestCase+MemoryLeakTracking.swift */,
				B781B3F52B84CEC70029ECBE /* SharedTestHelpers.swift */,
			);
			path = Helpers;
			sourceTree = "<group>";
		};
/* End PBXGroup section */

/* Begin PBXNativeTarget section */
		B73E53B72B839FC100173F87 /* EssentialApp */ = {
			isa = PBXNativeTarget;
			buildConfigurationList = B73E53CC2B839FC300173F87 /* Build configuration list for PBXNativeTarget "EssentialApp" */;
			buildPhases = (
				B73E53B42B839FC100173F87 /* Sources */,
				B73E53B52B839FC100173F87 /* Frameworks */,
				B73E53B62B839FC100173F87 /* Resources */,
				B73E53D62B83A26000173F87 /* Embed Frameworks */,
			);
			buildRules = (
			);
			dependencies = (
			);
			name = EssentialApp;
			productName = EssentialApp;
			productReference = B73E53B82B839FC100173F87 /* EssentialApp.app */;
			productType = "com.apple.product-type.application";
		};
		B781B3E22B84A6DC0029ECBE /* EssentialAppTests */ = {
			isa = PBXNativeTarget;
			buildConfigurationList = B781B3E92B84A6DC0029ECBE /* Build configuration list for PBXNativeTarget "EssentialAppTests" */;
			buildPhases = (
				B781B3DF2B84A6DC0029ECBE /* Sources */,
				B781B3E02B84A6DC0029ECBE /* Frameworks */,
				B781B3E12B84A6DC0029ECBE /* Resources */,
			);
			buildRules = (
			);
			dependencies = (
				B781B3E82B84A6DC0029ECBE /* PBXTargetDependency */,
			);
			name = EssentialAppTests;
			productName = EssentialAppTests;
			productReference = B781B3E32B84A6DC0029ECBE /* EssentialAppTests.xctest */;
			productType = "com.apple.product-type.bundle.unit-test";
		};
/* End PBXNativeTarget section */

/* Begin PBXProject section */
		B73E53B02B839FC100173F87 /* Project object */ = {
			isa = PBXProject;
			attributes = {
				BuildIndependentTargetsInParallel = 1;
				LastSwiftUpdateCheck = 1520;
				LastUpgradeCheck = 1520;
				TargetAttributes = {
					B73E53B72B839FC100173F87 = {
						CreatedOnToolsVersion = 15.2;
					};
					B781B3E22B84A6DC0029ECBE = {
						CreatedOnToolsVersion = 15.2;
						TestTargetID = B73E53B72B839FC100173F87;
					};
				};
			};
			buildConfigurationList = B73E53B32B839FC100173F87 /* Build configuration list for PBXProject "EssentialApp" */;
			compatibilityVersion = "Xcode 14.0";
			developmentRegion = en;
			hasScannedForEncodings = 0;
			knownRegions = (
				en,
				Base,
			);
			mainGroup = B73E53AF2B839FC100173F87;
			productRefGroup = B73E53B92B839FC100173F87 /* Products */;
			projectDirPath = "";
			projectRoot = "";
			targets = (
				B73E53B72B839FC100173F87 /* EssentialApp */,
				B781B3E22B84A6DC0029ECBE /* EssentialAppTests */,
			);
		};
/* End PBXProject section */

/* Begin PBXResourcesBuildPhase section */
		B73E53B62B839FC100173F87 /* Resources */ = {
			isa = PBXResourcesBuildPhase;
			buildActionMask = 2147483647;
			files = (
				B73E53C82B839FC300173F87 /* LaunchScreen.storyboard in Resources */,
				B73E53C52B839FC300173F87 /* Assets.xcassets in Resources */,
				B73E53C32B839FC100173F87 /* Main.storyboard in Resources */,
			);
			runOnlyForDeploymentPostprocessing = 0;
		};
		B781B3E12B84A6DC0029ECBE /* Resources */ = {
			isa = PBXResourcesBuildPhase;
			buildActionMask = 2147483647;
			files = (
			);
			runOnlyForDeploymentPostprocessing = 0;
		};
/* End PBXResourcesBuildPhase section */

/* Begin PBXSourcesBuildPhase section */
		B73E53B42B839FC100173F87 /* Sources */ = {
			isa = PBXSourcesBuildPhase;
			buildActionMask = 2147483647;
			files = (
				B73E53C02B839FC100173F87 /* ViewController.swift in Sources */,
				B73E53BC2B839FC100173F87 /* AppDelegate.swift in Sources */,
				B781B3ED2B84AD740029ECBE /* FeedLoaderWithFallbackComposite.swift in Sources */,
				B73E53BE2B839FC100173F87 /* SceneDelegate.swift in Sources */,
				B781B3F12B84CD940029ECBE /* FeedImageDataLoaderWithFallbackComposite.swift in Sources */,
			);
			runOnlyForDeploymentPostprocessing = 0;
		};
		B781B3DF2B84A6DC0029ECBE /* Sources */ = {
			isa = PBXSourcesBuildPhase;
			buildActionMask = 2147483647;
			files = (
				B781B3F62B84CEC70029ECBE /* SharedTestHelpers.swift in Sources */,
				B781B3EF2B84AEC20029ECBE /* FeedImageDataLoaderWithFallbackCompositeTests.swift in Sources */,
				B781B3E62B84A6DC0029ECBE /* FeedLoaderWithFallbackCompositeTests.swift in Sources */,
				B781B3F42B84CE590029ECBE /* XCTestCase+MemoryLeakTracking.swift in Sources */,
			);
			runOnlyForDeploymentPostprocessing = 0;
		};
/* End PBXSourcesBuildPhase section */

/* Begin PBXTargetDependency section */
		B781B3E82B84A6DC0029ECBE /* PBXTargetDependency */ = {
			isa = PBXTargetDependency;
			target = B73E53B72B839FC100173F87 /* EssentialApp */;
			targetProxy = B781B3E72B84A6DC0029ECBE /* PBXContainerItemProxy */;
		};
/* End PBXTargetDependency section */

/* Begin PBXVariantGroup section */
		B73E53C12B839FC100173F87 /* Main.storyboard */ = {
			isa = PBXVariantGroup;
			children = (
				B73E53C22B839FC100173F87 /* Base */,
			);
			name = Main.storyboard;
			sourceTree = "<group>";
		};
		B73E53C62B839FC300173F87 /* LaunchScreen.storyboard */ = {
			isa = PBXVariantGroup;
			children = (
				B73E53C72B839FC300173F87 /* Base */,
			);
			name = LaunchScreen.storyboard;
			sourceTree = "<group>";
		};
/* End PBXVariantGroup section */

/* Begin XCBuildConfiguration section */
		B73E53CA2B839FC300173F87 /* Debug */ = {
			isa = XCBuildConfiguration;
			buildSettings = {
				ALWAYS_SEARCH_USER_PATHS = NO;
				ASSETCATALOG_COMPILER_GENERATE_SWIFT_ASSET_SYMBOL_EXTENSIONS = YES;
				CLANG_ANALYZER_NONNULL = YES;
				CLANG_ANALYZER_NUMBER_OBJECT_CONVERSION = YES_AGGRESSIVE;
				CLANG_CXX_LANGUAGE_STANDARD = "gnu++20";
				CLANG_ENABLE_MODULES = YES;
				CLANG_ENABLE_OBJC_ARC = YES;
				CLANG_ENABLE_OBJC_WEAK = YES;
				CLANG_WARN_BLOCK_CAPTURE_AUTORELEASING = YES;
				CLANG_WARN_BOOL_CONVERSION = YES;
				CLANG_WARN_COMMA = YES;
				CLANG_WARN_CONSTANT_CONVERSION = YES;
				CLANG_WARN_DEPRECATED_OBJC_IMPLEMENTATIONS = YES;
				CLANG_WARN_DIRECT_OBJC_ISA_USAGE = YES_ERROR;
				CLANG_WARN_DOCUMENTATION_COMMENTS = YES;
				CLANG_WARN_EMPTY_BODY = YES;
				CLANG_WARN_ENUM_CONVERSION = YES;
				CLANG_WARN_INFINITE_RECURSION = YES;
				CLANG_WARN_INT_CONVERSION = YES;
				CLANG_WARN_NON_LITERAL_NULL_CONVERSION = YES;
				CLANG_WARN_OBJC_IMPLICIT_RETAIN_SELF = YES;
				CLANG_WARN_OBJC_LITERAL_CONVERSION = YES;
				CLANG_WARN_OBJC_ROOT_CLASS = YES_ERROR;
				CLANG_WARN_QUOTED_INCLUDE_IN_FRAMEWORK_HEADER = YES;
				CLANG_WARN_RANGE_LOOP_ANALYSIS = YES;
				CLANG_WARN_STRICT_PROTOTYPES = YES;
				CLANG_WARN_SUSPICIOUS_MOVE = YES;
				CLANG_WARN_UNGUARDED_AVAILABILITY = YES_AGGRESSIVE;
				CLANG_WARN_UNREACHABLE_CODE = YES;
				CLANG_WARN__DUPLICATE_METHOD_MATCH = YES;
				COPY_PHASE_STRIP = NO;
				DEBUG_INFORMATION_FORMAT = dwarf;
				ENABLE_STRICT_OBJC_MSGSEND = YES;
				ENABLE_TESTABILITY = YES;
				ENABLE_USER_SCRIPT_SANDBOXING = YES;
				GCC_C_LANGUAGE_STANDARD = gnu17;
				GCC_DYNAMIC_NO_PIC = NO;
				GCC_NO_COMMON_BLOCKS = YES;
				GCC_OPTIMIZATION_LEVEL = 0;
				GCC_PREPROCESSOR_DEFINITIONS = (
					"DEBUG=1",
					"$(inherited)",
				);
				GCC_WARN_64_TO_32_BIT_CONVERSION = YES;
				GCC_WARN_ABOUT_RETURN_TYPE = YES_ERROR;
				GCC_WARN_UNDECLARED_SELECTOR = YES;
				GCC_WARN_UNINITIALIZED_AUTOS = YES_AGGRESSIVE;
				GCC_WARN_UNUSED_FUNCTION = YES;
				GCC_WARN_UNUSED_VARIABLE = YES;
				IPHONEOS_DEPLOYMENT_TARGET = 17.2;
				LOCALIZATION_PREFERS_STRING_CATALOGS = YES;
				MTL_ENABLE_DEBUG_INFO = INCLUDE_SOURCE;
				MTL_FAST_MATH = YES;
				ONLY_ACTIVE_ARCH = YES;
				SDKROOT = iphoneos;
				SWIFT_ACTIVE_COMPILATION_CONDITIONS = "DEBUG $(inherited)";
				SWIFT_OPTIMIZATION_LEVEL = "-Onone";
			};
			name = Debug;
		};
		B73E53CB2B839FC300173F87 /* Release */ = {
			isa = XCBuildConfiguration;
			buildSettings = {
				ALWAYS_SEARCH_USER_PATHS = NO;
				ASSETCATALOG_COMPILER_GENERATE_SWIFT_ASSET_SYMBOL_EXTENSIONS = YES;
				CLANG_ANALYZER_NONNULL = YES;
				CLANG_ANALYZER_NUMBER_OBJECT_CONVERSION = YES_AGGRESSIVE;
				CLANG_CXX_LANGUAGE_STANDARD = "gnu++20";
				CLANG_ENABLE_MODULES = YES;
				CLANG_ENABLE_OBJC_ARC = YES;
				CLANG_ENABLE_OBJC_WEAK = YES;
				CLANG_WARN_BLOCK_CAPTURE_AUTORELEASING = YES;
				CLANG_WARN_BOOL_CONVERSION = YES;
				CLANG_WARN_COMMA = YES;
				CLANG_WARN_CONSTANT_CONVERSION = YES;
				CLANG_WARN_DEPRECATED_OBJC_IMPLEMENTATIONS = YES;
				CLANG_WARN_DIRECT_OBJC_ISA_USAGE = YES_ERROR;
				CLANG_WARN_DOCUMENTATION_COMMENTS = YES;
				CLANG_WARN_EMPTY_BODY = YES;
				CLANG_WARN_ENUM_CONVERSION = YES;
				CLANG_WARN_INFINITE_RECURSION = YES;
				CLANG_WARN_INT_CONVERSION = YES;
				CLANG_WARN_NON_LITERAL_NULL_CONVERSION = YES;
				CLANG_WARN_OBJC_IMPLICIT_RETAIN_SELF = YES;
				CLANG_WARN_OBJC_LITERAL_CONVERSION = YES;
				CLANG_WARN_OBJC_ROOT_CLASS = YES_ERROR;
				CLANG_WARN_QUOTED_INCLUDE_IN_FRAMEWORK_HEADER = YES;
				CLANG_WARN_RANGE_LOOP_ANALYSIS = YES;
				CLANG_WARN_STRICT_PROTOTYPES = YES;
				CLANG_WARN_SUSPICIOUS_MOVE = YES;
				CLANG_WARN_UNGUARDED_AVAILABILITY = YES_AGGRESSIVE;
				CLANG_WARN_UNREACHABLE_CODE = YES;
				CLANG_WARN__DUPLICATE_METHOD_MATCH = YES;
				COPY_PHASE_STRIP = NO;
				DEBUG_INFORMATION_FORMAT = "dwarf-with-dsym";
				ENABLE_NS_ASSERTIONS = NO;
				ENABLE_STRICT_OBJC_MSGSEND = YES;
				ENABLE_USER_SCRIPT_SANDBOXING = YES;
				GCC_C_LANGUAGE_STANDARD = gnu17;
				GCC_NO_COMMON_BLOCKS = YES;
				GCC_WARN_64_TO_32_BIT_CONVERSION = YES;
				GCC_WARN_ABOUT_RETURN_TYPE = YES_ERROR;
				GCC_WARN_UNDECLARED_SELECTOR = YES;
				GCC_WARN_UNINITIALIZED_AUTOS = YES_AGGRESSIVE;
				GCC_WARN_UNUSED_FUNCTION = YES;
				GCC_WARN_UNUSED_VARIABLE = YES;
				IPHONEOS_DEPLOYMENT_TARGET = 17.2;
				LOCALIZATION_PREFERS_STRING_CATALOGS = YES;
				MTL_ENABLE_DEBUG_INFO = NO;
				MTL_FAST_MATH = YES;
				SDKROOT = iphoneos;
				SWIFT_COMPILATION_MODE = wholemodule;
				VALIDATE_PRODUCT = YES;
			};
			name = Release;
		};
		B73E53CD2B839FC300173F87 /* Debug */ = {
			isa = XCBuildConfiguration;
			buildSettings = {
				ASSETCATALOG_COMPILER_APPICON_NAME = AppIcon;
				ASSETCATALOG_COMPILER_GLOBAL_ACCENT_COLOR_NAME = AccentColor;
				CODE_SIGN_STYLE = Automatic;
				CURRENT_PROJECT_VERSION = 1;
				DEVELOPMENT_TEAM = V2U5G65R2W;
				GENERATE_INFOPLIST_FILE = YES;
				INFOPLIST_FILE = EssentialApp/Info.plist;
				INFOPLIST_KEY_UIApplicationSupportsIndirectInputEvents = YES;
				INFOPLIST_KEY_UILaunchStoryboardName = LaunchScreen;
				INFOPLIST_KEY_UIMainStoryboardFile = Main;
				INFOPLIST_KEY_UISupportedInterfaceOrientations_iPad = "UIInterfaceOrientationPortrait UIInterfaceOrientationPortraitUpsideDown UIInterfaceOrientationLandscapeLeft UIInterfaceOrientationLandscapeRight";
				INFOPLIST_KEY_UISupportedInterfaceOrientations_iPhone = "UIInterfaceOrientationPortrait UIInterfaceOrientationLandscapeLeft UIInterfaceOrientationLandscapeRight";
				LD_RUNPATH_SEARCH_PATHS = (
					"$(inherited)",
					"@executable_path/Frameworks",
				);
				MARKETING_VERSION = 1.0;
				PRODUCT_BUNDLE_IDENTIFIER = com.EssentialFeed.EssentialApp;
				PRODUCT_NAME = "$(TARGET_NAME)";
				SWIFT_EMIT_LOC_STRINGS = YES;
				SWIFT_VERSION = 5.0;
				TARGETED_DEVICE_FAMILY = "1,2";
			};
			name = Debug;
		};
		B73E53CE2B839FC300173F87 /* Release */ = {
			isa = XCBuildConfiguration;
			buildSettings = {
				ASSETCATALOG_COMPILER_APPICON_NAME = AppIcon;
				ASSETCATALOG_COMPILER_GLOBAL_ACCENT_COLOR_NAME = AccentColor;
				CODE_SIGN_STYLE = Automatic;
				CURRENT_PROJECT_VERSION = 1;
				DEVELOPMENT_TEAM = V2U5G65R2W;
				GENERATE_INFOPLIST_FILE = YES;
				INFOPLIST_FILE = EssentialApp/Info.plist;
				INFOPLIST_KEY_UIApplicationSupportsIndirectInputEvents = YES;
				INFOPLIST_KEY_UILaunchStoryboardName = LaunchScreen;
				INFOPLIST_KEY_UIMainStoryboardFile = Main;
				INFOPLIST_KEY_UISupportedInterfaceOrientations_iPad = "UIInterfaceOrientationPortrait UIInterfaceOrientationPortraitUpsideDown UIInterfaceOrientationLandscapeLeft UIInterfaceOrientationLandscapeRight";
				INFOPLIST_KEY_UISupportedInterfaceOrientations_iPhone = "UIInterfaceOrientationPortrait UIInterfaceOrientationLandscapeLeft UIInterfaceOrientationLandscapeRight";
				LD_RUNPATH_SEARCH_PATHS = (
					"$(inherited)",
					"@executable_path/Frameworks",
				);
				MARKETING_VERSION = 1.0;
				PRODUCT_BUNDLE_IDENTIFIER = com.EssentialFeed.EssentialApp;
				PRODUCT_NAME = "$(TARGET_NAME)";
				SWIFT_EMIT_LOC_STRINGS = YES;
				SWIFT_VERSION = 5.0;
				TARGETED_DEVICE_FAMILY = "1,2";
			};
			name = Release;
		};
		B781B3EA2B84A6DC0029ECBE /* Debug */ = {
			isa = XCBuildConfiguration;
			buildSettings = {
				BUNDLE_LOADER = "$(TEST_HOST)";
				CODE_SIGN_STYLE = Automatic;
				CURRENT_PROJECT_VERSION = 1;
				DEVELOPMENT_TEAM = V2U5G65R2W;
				GENERATE_INFOPLIST_FILE = YES;
				MARKETING_VERSION = 1.0;
				PRODUCT_BUNDLE_IDENTIFIER = com.EssentialFeed.EssentialAppTests;
				PRODUCT_NAME = "$(TARGET_NAME)";
				SWIFT_EMIT_LOC_STRINGS = NO;
				SWIFT_VERSION = 5.0;
				TARGETED_DEVICE_FAMILY = "1,2";
				TEST_HOST = "$(BUILT_PRODUCTS_DIR)/EssentialApp.app/$(BUNDLE_EXECUTABLE_FOLDER_PATH)/EssentialApp";
			};
			name = Debug;
		};
		B781B3EB2B84A6DC0029ECBE /* Release */ = {
			isa = XCBuildConfiguration;
			buildSettings = {
				BUNDLE_LOADER = "$(TEST_HOST)";
				CODE_SIGN_STYLE = Automatic;
				CURRENT_PROJECT_VERSION = 1;
				DEVELOPMENT_TEAM = V2U5G65R2W;
				GENERATE_INFOPLIST_FILE = YES;
				MARKETING_VERSION = 1.0;
				PRODUCT_BUNDLE_IDENTIFIER = com.EssentialFeed.EssentialAppTests;
				PRODUCT_NAME = "$(TARGET_NAME)";
				SWIFT_EMIT_LOC_STRINGS = NO;
				SWIFT_VERSION = 5.0;
				TARGETED_DEVICE_FAMILY = "1,2";
				TEST_HOST = "$(BUILT_PRODUCTS_DIR)/EssentialApp.app/$(BUNDLE_EXECUTABLE_FOLDER_PATH)/EssentialApp";
			};
			name = Release;
		};
/* End XCBuildConfiguration section */

/* Begin XCConfigurationList section */
		B73E53B32B839FC100173F87 /* Build configuration list for PBXProject "EssentialApp" */ = {
			isa = XCConfigurationList;
			buildConfigurations = (
				B73E53CA2B839FC300173F87 /* Debug */,
				B73E53CB2B839FC300173F87 /* Release */,
			);
			defaultConfigurationIsVisible = 0;
			defaultConfigurationName = Release;
		};
		B73E53CC2B839FC300173F87 /* Build configuration list for PBXNativeTarget "EssentialApp" */ = {
			isa = XCConfigurationList;
			buildConfigurations = (
				B73E53CD2B839FC300173F87 /* Debug */,
				B73E53CE2B839FC300173F87 /* Release */,
			);
			defaultConfigurationIsVisible = 0;
			defaultConfigurationName = Release;
		};
		B781B3E92B84A6DC0029ECBE /* Build configuration list for PBXNativeTarget "EssentialAppTests" */ = {
			isa = XCConfigurationList;
			buildConfigurations = (
				B781B3EA2B84A6DC0029ECBE /* Debug */,
				B781B3EB2B84A6DC0029ECBE /* Release */,
			);
			defaultConfigurationIsVisible = 0;
			defaultConfigurationName = Release;
		};
/* End XCConfigurationList section */
	};
	rootObject = B73E53B02B839FC100173F87 /* Project object */;
}
